
Microsoft Visual Studio Solution File, Format Version 9.00
# Visual C++ Express 2005
Project("{8BC9CEB8-8B4A-11D0-8D11-00A0C91BC942}") = "minetest", "minetest.vcproj", "{AE3BF173-1D74-4294-AAB8-5A0ACDE9990D}"
EndProject
Global
	GlobalSection(SolutionConfigurationPlatforms) = preSolution
		Debug|Win32 = Debug|Win32
		Release|Win32 = Release|Win32
	EndGlobalSection
	GlobalSection(ProjectConfigurationPlatforms) = postSolution
		{AE3BF173-1D74-4294-AAB8-5A0ACDE9990D}.Debug|Win32.ActiveCfg = Debug|Win32
		{AE3BF173-1D74-4294-AAB8-5A0ACDE9990D}.Debug|Win32.Build.0 = Debug|Win32
		{AE3BF173-1D74-4294-AAB8-5A0ACDE9990D}.Release|Win32.ActiveCfg = Release|Win32
		{AE3BF173-1D74-4294-AAB8-5A0ACDE9990D}.Release|Win32.Build.0 = Release|Win32
	EndGlobalSection
	GlobalSection(SolutionProperties) = preSolution
		HideSolutionNode = FALSE
	EndGlobalSection
EndGlobal
